
Microsoft Visual Studio Solution File, Format Version 12.00
# Visual Studio Version 17
VisualStudioVersion = 17.4.33213.308
MinimumVisualStudioVersion = 10.0.40219.1
Project("{FAE04EC0-301F-11D3-BF4B-00C04F79EFBC}") = "WebApi", "WebApi\WebApi.csproj", "{603D80C0-F044-4512-B57C-605EE3531A5D}"
EndProject
Global
	GlobalSection(SolutionConfigurationPlatforms) = preSolution
		Debug|Any CPU = Debug|Any CPU
		Release|Any CPU = Release|Any CPU
	EndGlobalSection
	GlobalSection(ProjectConfigurationPlatforms) = postSolution
		{603D80C0-F044-4512-B57C-605EE3531A5D}.Debug|Any CPU.ActiveCfg = Debug|Any CPU
		{603D80C0-F044-4512-B57C-605EE3531A5D}.Debug|Any CPU.Build.0 = Debug|Any CPU
		{603D80C0-F044-4512-B57C-605EE3531A5D}.Release|Any CPU.ActiveCfg = Release|Any CPU
		{603D80C0-F044-4512-B57C-605EE3531A5D}.Release|Any CPU.Build.0 = Release|Any CPU
	EndGlobalSection
	GlobalSection(SolutionProperties) = preSolution
		HideSolutionNode = FALSE
	EndGlobalSection
	GlobalSection(ExtensibilityGlobals) = postSolution
		SolutionGuid = {ABC72177-2DB2-43FC-9F80-A532602DA9EA}
	EndGlobalSection
EndGlobal
